
Microsoft Visual Studio Solution File, Format Version 12.00
# Visual Studio Version 16
VisualStudioVersion = 16.0.29926.136
MinimumVisualStudioVersion = 10.0.40219.1
Project("{FAE04EC0-301F-11D3-BF4B-00C04F79EFBC}") = "Lab6_Basic_Command", "Lab6_Basic_Command\Lab6_Basic_Command.csproj", "{A268A97E-A6CD-4B01-9C1E-0716EF6B06D3}"
EndProject
Global
	GlobalSection(SolutionConfigurationPlatforms) = preSolution
		Debug|Any CPU = Debug|Any CPU
		Release|Any CPU = Release|Any CPU
	EndGlobalSection
	GlobalSection(ProjectConfigurationPlatforms) = postSolution
		{A268A97E-A6CD-4B01-9C1E-0716EF6B06D3}.Debug|Any CPU.ActiveCfg = Debug|Any CPU
		{A268A97E-A6CD-4B01-9C1E-0716EF6B06D3}.Debug|Any CPU.Build.0 = Debug|Any CPU
		{A268A97E-A6CD-4B01-9C1E-0716EF6B06D3}.Release|Any CPU.ActiveCfg = Release|Any CPU
		{A268A97E-A6CD-4B01-9C1E-0716EF6B06D3}.Release|Any CPU.Build.0 = Release|Any CPU
	EndGlobalSection
	GlobalSection(SolutionProperties) = preSolution
		HideSolutionNode = FALSE
	EndGlobalSection
	GlobalSection(ExtensibilityGlobals) = postSolution
		SolutionGuid = {663227F4-3A1F-46BA-89FB-21AC14B2B672}
	EndGlobalSection
EndGlobal
